PODS:
  - Differentiator (4.0.1)
  - RxCocoa (5.0.1):
    - RxRelay (~> 5)
    - RxSwift (~> 5)
  - RxDataSources (4.0.1):
    - Differentiator (~> 4.0)
    - RxCocoa (~> 5.0)
    - RxSwift (~> 5.0)
  - RxRelay (5.0.1):
    - RxSwift (~> 5)
  - RxSwift (5.0.1)
  - TouchVisualizer (3.1.0)

DEPENDENCIES:
  - RxCocoa
  - RxDataSources
  - RxSwift
  - TouchVisualizer

SPEC REPOS:
  https://github.com/cocoapods/specs.git:
    - Differentiator
    - RxCocoa
    - RxDataSources
    - RxRelay
    - RxSwift
    - TouchVisualizer

SPEC CHECKSUMS:
  Differentiator: 886080237d9f87f322641dedbc5be257061b0602
  RxCocoa: e741b9749968e8a143e2b787f1dfbff2b63d0a5c
  RxDataSources: efee07fa4de48477eca0a4611e6d11e2da9c1114
  RxRelay: 89d54507f4fd4d969e6ec1d4bd7f3673640b4640
  RxSwift: e2dc62b366a3adf6a0be44ba9f405efd4c94e0c4
  TouchVisualizer: b97b1efb0f25d1408bb4557e6f493eae454425e7

PODFILE CHECKSUM: fcda81b75b23a99b1a5be05bba1d43ab54dadadd

COCOAPODS: 1.5.3
