// !$*UTF8*$!
{
	archiveVersion = 1;
	classes = {
	};
	objectVersion = 50;
	objects = {

/* Begin PBXBuildFile section */
		4CD0C7614D52FD58ED51FFF7 /* Pods_Example.framework in Frameworks */ = {isa = PBXBuildFile; fileRef = 0DB656CF094150B2BEC8C50C /* Pods_Example.framework */; };
		D9167695211AE735003D526A /* AppDelegate.swift in Sources */ = {isa = PBXBuildFile; fileRef = D9167694211AE735003D526A /* AppDelegate.swift */; };
		D9167697211AE735003D526A /* MainViewController.swift in Sources */ = {isa = PBXBuildFile; fileRef = D9167696211AE735003D526A /* MainViewController.swift */; };
		D916769A211AE735003D526A /* Main.storyboard in Resources */ = {isa = PBXBuildFile; fileRef = D9167698211AE735003D526A /* Main.storyboard */; };
		D916769C211AE736003D526A /* Assets.xcassets in Resources */ = {isa = PBXBuildFile; fileRef = D916769B211AE736003D526A /* Assets.xcassets */; };
		D916769F211AE736003D526A /* LaunchScreen.storyboard in Resources */ = {isa = PBXBuildFile; fileRef = D916769D211AE736003D526A /* LaunchScreen.storyboard */; };
		D9387EBD220A6B0B003537D0 /* ButtonAccessoryView.swift in Sources */ = {isa = PBXBuildFile; fileRef = D9387EBC220A6B0B003537D0 /* ButtonAccessoryView.swift */; };
		D9387EBF220A6B30003537D0 /* ButtonAccessoryView.xib in Resources */ = {isa = PBXBuildFile; fileRef = D9387EBE220A6B30003537D0 /* ButtonAccessoryView.xib */; };
		D983896B2181801700FB8858 /* AttachmentInput.framework in Frameworks */ = {isa = PBXBuildFile; fileRef = D983896A2181801700FB8858 /* AttachmentInput.framework */; };
		D983896D2181801900FB8858 /* AttachmentInput.framework in Embed Frameworks */ = {isa = PBXBuildFile; fileRef = D983896A2181801700FB8858 /* AttachmentInput.framework */; settings = {ATTRIBUTES = (CodeSignOnCopy, RemoveHeadersOnCopy, ); }; };
		D9F5AE1F2126B2B800AFB583 /* MainViewModel.swift in Sources */ = {isa = PBXBuildFile; fileRef = D9F5AE1E2126B2B800AFB583 /* MainViewModel.swift */; };
		D9F5AE212126B2D200AFB583 /* ImageCell.swift in Sources */ = {isa = PBXBuildFile; fileRef = D9F5AE202126B2D200AFB583 /* ImageCell.swift */; };
		D9F5AE232126C54200AFB583 /* PhotoData.swift in Sources */ = {isa = PBXBuildFile; fileRef = D9F5AE222126C54200AFB583 /* PhotoData.swift */; };
/* End PBXBuildFile section */

/* Begin PBXCopyFilesBuildPhase section */
		D983896E2181801900FB8858 /* Embed Frameworks */ = {
			isa = PBXCopyFilesBuildPhase;
			buildActionMask = 2147483647;
			dstPath = "";
			dstSubfolderSpec = 10;
			files = (
				D983896D2181801900FB8858 /* AttachmentInput.framework in Embed Frameworks */,
			);
			name = "Embed Frameworks";
			runOnlyForDeploymentPostprocessing = 0;
		};
/* End PBXCopyFilesBuildPhase section */

/* Begin PBXFileReference section */
		0DB656CF094150B2BEC8C50C /* Pods_Example.framework */ = {isa = PBXFileReference; explicitFileType = wrapper.framework; includeInIndex = 0; path = Pods_Example.framework; sourceTree = BUILT_PRODUCTS_DIR; };
		17A6BD3E8E24B9091DC9608F /* Pods-Example.debug.xcconfig */ = {isa = PBXFileReference; includeInIndex = 1; lastKnownFileType = text.xcconfig; name = "Pods-Example.debug.xcconfig"; path = "../Pods/Target Support Files/Pods-Example/Pods-Example.debug.xcconfig"; sourceTree = "<group>"; };
		AC59CEEE907B194B16A01ED9 /* Pods-Example.release.xcconfig */ = {isa = PBXFileReference; includeInIndex = 1; lastKnownFileType = text.xcconfig; name = "Pods-Example.release.xcconfig"; path = "../Pods/Target Support Files/Pods-Example/Pods-Example.release.xcconfig"; sourceTree = "<group>"; };
		D9167691211AE735003D526A /* Example.app */ = {isa = PBXFileReference; explicitFileType = wrapper.application; includeInIndex = 0; path = Example.app; sourceTree = BUILT_PRODUCTS_DIR; };
		D9167694211AE735003D526A /* AppDelegate.swift */ = {isa = PBXFileReference; lastKnownFileType = sourcecode.swift; path = AppDelegate.swift; sourceTree = "<group>"; };
		D9167696211AE735003D526A /* MainViewController.swift */ = {isa = PBXFileReference; lastKnownFileType = sourcecode.swift; path = MainViewController.swift; sourceTree = "<group>"; };
		D9167699211AE735003D526A /* Base */ = {isa = PBXFileReference; lastKnownFileType = file.storyboard; name = Base; path = Base.lproj/Main.storyboard; sourceTree = "<group>"; };
		D916769B211AE736003D526A /* Assets.xcassets */ = {isa = PBXFileReference; lastKnownFileType = folder.assetcatalog; path = Assets.xcassets; sourceTree = "<group>"; };
		D916769E211AE736003D526A /* Base */ = {isa = PBXFileReference; lastKnownFileType = file.storyboard; name = Base; path = Base.lproj/LaunchScreen.storyboard; sourceTree = "<group>"; };
		D91676A0211AE736003D526A /* Info.plist */ = {isa = PBXFileReference; lastKnownFileType = text.plist.xml; path = Info.plist; sourceTree = "<group>"; };
		D9387EBC220A6B0B003537D0 /* ButtonAccessoryView.swift */ = {isa = PBXFileReference; lastKnownFileType = sourcecode.swift; path = ButtonAccessoryView.swift; sourceTree = "<group>"; };
		D9387EBE220A6B30003537D0 /* ButtonAccessoryView.xib */ = {isa = PBXFileReference; lastKnownFileType = file.xib; path = ButtonAccessoryView.xib; sourceTree = "<group>"; };
		D983896A2181801700FB8858 /* AttachmentInput.framework */ = {isa = PBXFileReference; explicitFileType = wrapper.framework; path = AttachmentInput.framework; sourceTree = BUILT_PRODUCTS_DIR; };
		D9F5AE1E2126B2B800AFB583 /* MainViewModel.swift */ = {isa = PBXFileReference; lastKnownFileType = sourcecode.swift; path = MainViewModel.swift; sourceTree = "<group>"; };
		D9F5AE202126B2D200AFB583 /* ImageCell.swift */ = {isa = PBXFileReference; lastKnownFileType = sourcecode.swift; path = ImageCell.swift; sourceTree = "<group>"; };
		D9F5AE222126C54200AFB583 /* PhotoData.swift */ = {isa = PBXFileReference; lastKnownFileType = sourcecode.swift; path = PhotoData.swift; sourceTree = "<group>"; };
/* End PBXFileReference section */

/* Begin PBXFrameworksBuildPhase section */
		D916768E211AE735003D526A /* Frameworks */ = {
			isa = PBXFrameworksBuildPhase;
			buildActionMask = 2147483647;
			files = (
				D983896B2181801700FB8858 /* AttachmentInput.framework in Frameworks */,
				4CD0C7614D52FD58ED51FFF7 /* Pods_Example.framework in Frameworks */,
			);
			runOnlyForDeploymentPostprocessing = 0;
		};
/* End PBXFrameworksBuildPhase section */

/* Begin PBXGroup section */
		3B0F2CCB23FA61CBD5B4844B /* Pods */ = {
			isa = PBXGroup;
			children = (
				17A6BD3E8E24B9091DC9608F /* Pods-Example.debug.xcconfig */,
				AC59CEEE907B194B16A01ED9 /* Pods-Example.release.xcconfig */,
			);
			name = Pods;
			sourceTree = "<group>";
		};
		D9167688211AE735003D526A = {
			isa = PBXGroup;
			children = (
				D9167693211AE735003D526A /* Example */,
				D9167692211AE735003D526A /* Products */,
				D91676A6211AE749003D526A /* Frameworks */,
				3B0F2CCB23FA61CBD5B4844B /* Pods */,
			);
			sourceTree = "<group>";
		};
		D9167692211AE735003D526A /* Products */ = {
			isa = PBXGroup;
			children = (
				D9167691211AE735003D526A /* Example.app */,
			);
			name = Products;
			sourceTree = "<group>";
		};
		D9167693211AE735003D526A /* Example */ = {
			isa = PBXGroup;
			children = (
				D9167694211AE735003D526A /* AppDelegate.swift */,
				D9167698211AE735003D526A /* Main.storyboard */,
				D9167696211AE735003D526A /* MainViewController.swift */,
				D9F5AE1E2126B2B800AFB583 /* MainViewModel.swift */,
				D9387EBC220A6B0B003537D0 /* ButtonAccessoryView.swift */,
				D9387EBE220A6B30003537D0 /* ButtonAccessoryView.xib */,
				D9F5AE202126B2D200AFB583 /* ImageCell.swift */,
				D9F5AE222126C54200AFB583 /* PhotoData.swift */,
				D916769B211AE736003D526A /* Assets.xcassets */,
				D916769D211AE736003D526A /* LaunchScreen.storyboard */,
				D91676A0211AE736003D526A /* Info.plist */,
			);
			path = Example;
			sourceTree = "<group>";
		};
		D91676A6211AE749003D526A /* Frameworks */ = {
			isa = PBXGroup;
			children = (
				D983896A2181801700FB8858 /* AttachmentInput.framework */,
				0DB656CF094150B2BEC8C50C /* Pods_Example.framework */,
			);
			name = Frameworks;
			sourceTree = "<group>";
		};
/* End PBXGroup section */

/* Begin PBXNativeTarget section */
		D9167690211AE735003D526A /* Example */ = {
			isa = PBXNativeTarget;
			buildConfigurationList = D91676A3211AE736003D526A /* Build configuration list for PBXNativeTarget "Example" */;
			buildPhases = (
				17BB3D18020869D9E766CD18 /* [CP] Check Pods Manifest.lock */,
				D916768D211AE735003D526A /* Sources */,
				D916768E211AE735003D526A /* Frameworks */,
				D916768F211AE735003D526A /* Resources */,
				D331AB2C3790A4C6C40994A7 /* [CP] Embed Pods Frameworks */,
				D983896E2181801900FB8858 /* Embed Frameworks */,
			);
			buildRules = (
			);
			dependencies = (
			);
			name = Example;
			productName = Example;
			productReference = D9167691211AE735003D526A /* Example.app */;
			productType = "com.apple.product-type.application";
		};
/* End PBXNativeTarget section */

/* Begin PBXProject section */
		D9167689211AE735003D526A /* Project object */ = {
			isa = PBXProject;
			attributes = {
				LastSwiftUpdateCheck = 0940;
				LastUpgradeCheck = 0940;
				ORGANIZATIONNAME = cybozu;
				TargetAttributes = {
					D9167690211AE735003D526A = {
						CreatedOnToolsVersion = 9.4.1;
						LastSwiftMigration = 1000;
					};
				};
			};
			buildConfigurationList = D916768C211AE735003D526A /* Build configuration list for PBXProject "Example" */;
			compatibilityVersion = "Xcode 9.3";
			developmentRegion = en;
			hasScannedForEncodings = 0;
			knownRegions = (
				en,
				Base,
			);
			mainGroup = D9167688211AE735003D526A;
			productRefGroup = D9167692211AE735003D526A /* Products */;
			projectDirPath = "";
			projectRoot = "";
			targets = (
				D9167690211AE735003D526A /* Example */,
			);
		};
/* End PBXProject section */

/* Begin PBXResourcesBuildPhase section */
		D916768F211AE735003D526A /* Resources */ = {
			isa = PBXResourcesBuildPhase;
			buildActionMask = 2147483647;
			files = (
				D9387EBF220A6B30003537D0 /* ButtonAccessoryView.xib in Resources */,
				D916769F211AE736003D526A /* LaunchScreen.storyboard in Resources */,
				D916769C211AE736003D526A /* Assets.xcassets in Resources */,
				D916769A211AE735003D526A /* Main.storyboard in Resources */,
			);
			runOnlyForDeploymentPostprocessing = 0;
		};
/* End PBXResourcesBuildPhase section */

/* Begin PBXShellScriptBuildPhase section */
		17BB3D18020869D9E766CD18 /* [CP] Check Pods Manifest.lock */ = {
			isa = PBXShellScriptBuildPhase;
			buildActionMask = 2147483647;
			files = (
			);
			inputPaths = (
				"${PODS_PODFILE_DIR_PATH}/Podfile.lock",
				"${PODS_ROOT}/Manifest.lock",
			);
			name = "[CP] Check Pods Manifest.lock";
			outputPaths = (
				"$(DERIVED_FILE_DIR)/Pods-Example-checkManifestLockResult.txt",
			);
			runOnlyForDeploymentPostprocessing = 0;
			shellPath = /bin/sh;
			shellScript = "diff \"${PODS_PODFILE_DIR_PATH}/Podfile.lock\" \"${PODS_ROOT}/Manifest.lock\" > /dev/null\nif [ $? != 0 ] ; then\n    # print error to STDERR\n    echo \"error: The sandbox is not in sync with the Podfile.lock. Run 'pod install' or update your CocoaPods installation.\" >&2\n    exit 1\nfi\n# This output is used by Xcode 'outputs' to avoid re-running this script phase.\necho \"SUCCESS\" > \"${SCRIPT_OUTPUT_FILE_0}\"\n";
			showEnvVarsInLog = 0;
		};
		D331AB2C3790A4C6C40994A7 /* [CP] Embed Pods Frameworks */ = {
			isa = PBXShellScriptBuildPhase;
			buildActionMask = 2147483647;
			files = (
			);
			inputPaths = (
				"${SRCROOT}/../Pods/Target Support Files/Pods-Example/Pods-Example-frameworks.sh",
				"${BUILT_PRODUCTS_DIR}/Differentiator/Differentiator.framework",
				"${BUILT_PRODUCTS_DIR}/RxCocoa/RxCocoa.framework",
				"${BUILT_PRODUCTS_DIR}/RxDataSources/RxDataSources.framework",
				"${BUILT_PRODUCTS_DIR}/RxSwift/RxSwift.framework",
				"${BUILT_PRODUCTS_DIR}/TouchVisualizer/TouchVisualizer.framework",
			);
			name = "[CP] Embed Pods Frameworks";
			outputPaths = (
				"${TARGET_BUILD_DIR}/${FRAMEWORKS_FOLDER_PATH}/Differentiator.framework",
				"${TARGET_BUILD_DIR}/${FRAMEWORKS_FOLDER_PATH}/RxCocoa.framework",
				"${TARGET_BUILD_DIR}/${FRAMEWORKS_FOLDER_PATH}/RxDataSources.framework",
				"${TARGET_BUILD_DIR}/${FRAMEWORKS_FOLDER_PATH}/RxSwift.framework",
				"${TARGET_BUILD_DIR}/${FRAMEWORKS_FOLDER_PATH}/TouchVisualizer.framework",
			);
			runOnlyForDeploymentPostprocessing = 0;
			shellPath = /bin/sh;
			shellScript = "\"${SRCROOT}/../Pods/Target Support Files/Pods-Example/Pods-Example-frameworks.sh\"\n";
			showEnvVarsInLog = 0;
		};
/* End PBXShellScriptBuildPhase section */

/* Begin PBXSourcesBuildPhase section */
		D916768D211AE735003D526A /* Sources */ = {
			isa = PBXSourcesBuildPhase;
			buildActionMask = 2147483647;
			files = (
				D9387EBD220A6B0B003537D0 /* ButtonAccessoryView.swift in Sources */,
				D9167697211AE735003D526A /* MainViewController.swift in Sources */,
				D9F5AE232126C54200AFB583 /* PhotoData.swift in Sources */,
				D9F5AE212126B2D200AFB583 /* ImageCell.swift in Sources */,
				D9F5AE1F2126B2B800AFB583 /* MainViewModel.swift in Sources */,
				D9167695211AE735003D526A /* AppDelegate.swift in Sources */,
			);
			runOnlyForDeploymentPostprocessing = 0;
		};
/* End PBXSourcesBuildPhase section */

/* Begin PBXVariantGroup section */
		D9167698211AE735003D526A /* Main.storyboard */ = {
			isa = PBXVariantGroup;
			children = (
				D9167699211AE735003D526A /* Base */,
			);
			name = Main.storyboard;
			sourceTree = "<group>";
		};
		D916769D211AE736003D526A /* LaunchScreen.storyboard */ = {
			isa = PBXVariantGroup;
			children = (
				D916769E211AE736003D526A /* Base */,
			);
			name = LaunchScreen.storyboard;
			sourceTree = "<group>";
		};
/* End PBXVariantGroup section */

/* Begin XCBuildConfiguration section */
		D91676A1211AE736003D526A /* Debug */ = {
			isa = XCBuildConfiguration;
			buildSettings = {
				ALWAYS_SEARCH_USER_PATHS = NO;
				CLANG_ANALYZER_NONNULL = YES;
				CLANG_ANALYZER_NUMBER_OBJECT_CONVERSION = YES_AGGRESSIVE;
				CLANG_CXX_LANGUAGE_STANDARD = "gnu++14";
				CLANG_CXX_LIBRARY = "libc++";
				CLANG_ENABLE_MODULES = YES;
				CLANG_ENABLE_OBJC_ARC = YES;
				CLANG_ENABLE_OBJC_WEAK = YES;
				CLANG_WARN_BLOCK_CAPTURE_AUTORELEASING = YES;
				CLANG_WARN_BOOL_CONVERSION = YES;
				CLANG_WARN_COMMA = YES;
				CLANG_WARN_CONSTANT_CONVERSION = YES;
				CLANG_WARN_DEPRECATED_OBJC_IMPLEMENTATIONS = YES;
				CLANG_WARN_DIRECT_OBJC_ISA_USAGE = YES_ERROR;
				CLANG_WARN_DOCUMENTATION_COMMENTS = YES;
				CLANG_WARN_EMPTY_BODY = YES;
				CLANG_WARN_ENUM_CONVERSION = YES;
				CLANG_WARN_INFINITE_RECURSION = YES;
				CLANG_WARN_INT_CONVERSION = YES;
				CLANG_WARN_NON_LITERAL_NULL_CONVERSION = YES;
				CLANG_WARN_OBJC_IMPLICIT_RETAIN_SELF = YES;
				CLANG_WARN_OBJC_LITERAL_CONVERSION = YES;
				CLANG_WARN_OBJC_ROOT_CLASS = YES_ERROR;
				CLANG_WARN_RANGE_LOOP_ANALYSIS = YES;
				CLANG_WARN_STRICT_PROTOTYPES = YES;
				CLANG_WARN_SUSPICIOUS_MOVE = YES;
				CLANG_WARN_UNGUARDED_AVAILABILITY = YES_AGGRESSIVE;
				CLANG_WARN_UNREACHABLE_CODE = YES;
				CLANG_WARN__DUPLICATE_METHOD_MATCH = YES;
				CODE_SIGN_IDENTITY = "iPhone Developer";
				COPY_PHASE_STRIP = NO;
				DEBUG_INFORMATION_FORMAT = dwarf;
				ENABLE_STRICT_OBJC_MSGSEND = YES;
				ENABLE_TESTABILITY = YES;
				GCC_C_LANGUAGE_STANDARD = gnu11;
				GCC_DYNAMIC_NO_PIC = NO;
				GCC_NO_COMMON_BLOCKS = YES;
				GCC_OPTIMIZATION_LEVEL = 0;
				GCC_PREPROCESSOR_DEFINITIONS = (
					"DEBUG=1",
					"$(inherited)",
				);
				GCC_WARN_64_TO_32_BIT_CONVERSION = YES;
				GCC_WARN_ABOUT_RETURN_TYPE = YES_ERROR;
				GCC_WARN_UNDECLARED_SELECTOR = YES;
				GCC_WARN_UNINITIALIZED_AUTOS = YES_AGGRESSIVE;
				GCC_WARN_UNUSED_FUNCTION = YES;
				GCC_WARN_UNUSED_VARIABLE = YES;
				IPHONEOS_DEPLOYMENT_TARGET = 11.4;
				MTL_ENABLE_DEBUG_INFO = YES;
				ONLY_ACTIVE_ARCH = YES;
				SDKROOT = iphoneos;
				SWIFT_ACTIVE_COMPILATION_CONDITIONS = DEBUG;
				SWIFT_OPTIMIZATION_LEVEL = "-Onone";
			};
			name = Debug;
		};
		D91676A2211AE736003D526A /* Release */ = {
			isa = XCBuildConfiguration;
			buildSettings = {
				ALWAYS_SEARCH_USER_PATHS = NO;
				CLANG_ANALYZER_NONNULL = YES;
				CLANG_ANALYZER_NUMBER_OBJECT_CONVERSION = YES_AGGRESSIVE;
				CLANG_CXX_LANGUAGE_STANDARD = "gnu++14";
				CLANG_CXX_LIBRARY = "libc++";
				CLANG_ENABLE_MODULES = YES;
				CLANG_ENABLE_OBJC_ARC = YES;
				CLANG_ENABLE_OBJC_WEAK = YES;
				CLANG_WARN_BLOCK_CAPTURE_AUTORELEASING = YES;
				CLANG_WARN_BOOL_CONVERSION = YES;
				CLANG_WARN_COMMA = YES;
				CLANG_WARN_CONSTANT_CONVERSION = YES;
				CLANG_WARN_DEPRECATED_OBJC_IMPLEMENTATIONS = YES;
				CLANG_WARN_DIRECT_OBJC_ISA_USAGE = YES_ERROR;
				CLANG_WARN_DOCUMENTATION_COMMENTS = YES;
				CLANG_WARN_EMPTY_BODY = YES;
				CLANG_WARN_ENUM_CONVERSION = YES;
				CLANG_WARN_INFINITE_RECURSION = YES;
				CLANG_WARN_INT_CONVERSION = YES;
				CLANG_WARN_NON_LITERAL_NULL_CONVERSION = YES;
				CLANG_WARN_OBJC_IMPLICIT_RETAIN_SELF = YES;
				CLANG_WARN_OBJC_LITERAL_CONVERSION = YES;
				CLANG_WARN_OBJC_ROOT_CLASS = YES_ERROR;
				CLANG_WARN_RANGE_LOOP_ANALYSIS = YES;
				CLANG_WARN_STRICT_PROTOTYPES = YES;
				CLANG_WARN_SUSPICIOUS_MOVE = YES;
				CLANG_WARN_UNGUARDED_AVAILABILITY = YES_AGGRESSIVE;
				CLANG_WARN_UNREACHABLE_CODE = YES;
				CLANG_WARN__DUPLICATE_METHOD_MATCH = YES;
				CODE_SIGN_IDENTITY = "iPhone Developer";
				COPY_PHASE_STRIP = NO;
				DEBUG_INFORMATION_FORMAT = "dwarf-with-dsym";
				ENABLE_NS_ASSERTIONS = NO;
				ENABLE_STRICT_OBJC_MSGSEND = YES;
				GCC_C_LANGUAGE_STANDARD = gnu11;
				GCC_NO_COMMON_BLOCKS = YES;
				GCC_WARN_64_TO_32_BIT_CONVERSION = YES;
				GCC_WARN_ABOUT_RETURN_TYPE = YES_ERROR;
				GCC_WARN_UNDECLARED_SELECTOR = YES;
				GCC_WARN_UNINITIALIZED_AUTOS = YES_AGGRESSIVE;
				GCC_WARN_UNUSED_FUNCTION = YES;
				GCC_WARN_UNUSED_VARIABLE = YES;
				IPHONEOS_DEPLOYMENT_TARGET = 11.4;
				MTL_ENABLE_DEBUG_INFO = NO;
				SDKROOT = iphoneos;
				SWIFT_COMPILATION_MODE = wholemodule;
				SWIFT_OPTIMIZATION_LEVEL = "-O";
				VALIDATE_PRODUCT = YES;
			};
			name = Release;
		};
		D91676A4211AE736003D526A /* Debug */ = {
			isa = XCBuildConfiguration;
			baseConfigurationReference = 17A6BD3E8E24B9091DC9608F /* Pods-Example.debug.xcconfig */;
			buildSettings = {
				ASSETCATALOG_COMPILER_APPICON_NAME = AppIcon;
				CODE_SIGN_STYLE = Automatic;
				DEVELOPMENT_TEAM = VHY32ZU4KA;
				INFOPLIST_FILE = Example/Info.plist;
				IPHONEOS_DEPLOYMENT_TARGET = 10.0;
				LD_RUNPATH_SEARCH_PATHS = (
					"$(inherited)",
					"@executable_path/Frameworks",
				);
				PRODUCT_BUNDLE_IDENTIFIER = com.cybozu.mobile.library.attachment.Example;
				PRODUCT_NAME = "$(TARGET_NAME)";
				SWIFT_VERSION = 4.2;
				TARGETED_DEVICE_FAMILY = "1,2";
			};
			name = Debug;
		};
		D91676A5211AE736003D526A /* Release */ = {
			isa = XCBuildConfiguration;
			baseConfigurationReference = AC59CEEE907B194B16A01ED9 /* Pods-Example.release.xcconfig */;
			buildSettings = {
				ASSETCATALOG_COMPILER_APPICON_NAME = AppIcon;
				CODE_SIGN_STYLE = Automatic;
				DEVELOPMENT_TEAM = VHY32ZU4KA;
				INFOPLIST_FILE = Example/Info.plist;
				IPHONEOS_DEPLOYMENT_TARGET = 10.0;
				LD_RUNPATH_SEARCH_PATHS = (
					"$(inherited)",
					"@executable_path/Frameworks",
				);
				PRODUCT_BUNDLE_IDENTIFIER = com.cybozu.mobile.library.attachment.Example;
				PRODUCT_NAME = "$(TARGET_NAME)";
				SWIFT_VERSION = 4.2;
				TARGETED_DEVICE_FAMILY = "1,2";
			};
			name = Release;
		};
/* End XCBuildConfiguration section */

/* Begin XCConfigurationList section */
		D916768C211AE735003D526A /* Build configuration list for PBXProject "Example" */ = {
			isa = XCConfigurationList;
			buildConfigurations = (
				D91676A1211AE736003D526A /* Debug */,
				D91676A2211AE736003D526A /* Release */,
			);
			defaultConfigurationIsVisible = 0;
			defaultConfigurationName = Release;
		};
		D91676A3211AE736003D526A /* Build configuration list for PBXNativeTarget "Example" */ = {
			isa = XCConfigurationList;
			buildConfigurations = (
				D91676A4211AE736003D526A /* Debug */,
				D91676A5211AE736003D526A /* Release */,
			);
			defaultConfigurationIsVisible = 0;
			defaultConfigurationName = Release;
		};
/* End XCConfigurationList section */
	};
	rootObject = D9167689211AE735003D526A /* Project object */;
}
